{
    "version": 3,
    "terraform_version": "0.8.6",
    "serial": 13,
    "lineage": "c90df721-b8b3-45f8-b5ee-4567f5ca4fa9",
    "modules": [
        {
            "path": [
                "root"
            ],
            "outputs": {},
            "resources": {
                "aws_eip.pub_a1": {
                    "type": "aws_eip",
                    "depends_on": [
                        "aws_instance.host-a"
                    ],
                    "primary": {
                        "id": "eipalloc-9ea9a4f9",
                        "attributes": {
                            "association_id": "eipassoc-59df4e23",
                            "domain": "vpc",
                            "id": "eipalloc-9ea9a4f9",
                            "instance": "i-0041e08e59e0efcc5",
                            "network_interface": "eni-9053d3d2",
                            "private_ip": "172.31.74.53",
                            "public_ip": "35.160.33.82",
                            "vpc": "true"
                        },
                        "meta": {},
                        "tainted": false
                    },
                    "deposed": [],
                    "provider": ""
                },
                "aws_eip.pub_a2": {
                    "type": "aws_eip",
                    "depends_on": [
                        "aws_network_interface.en1"
                    ],
                    "primary": {
                        "id": "eipalloc-80aaa7e7",
                        "attributes": {
                            "association_id": "eipassoc-f7df4e8d",
                            "domain": "vpc",
                            "id": "eipalloc-80aaa7e7",
                            "instance": "i-0041e08e59e0efcc5",
                            "network_interface": "eni-b05bdbf2",
                            "private_ip": "172.31.70.225",
                            "public_ip": "52.32.157.121",
                            "vpc": "true"
                        },
                        "meta": {},
                        "tainted": false
                    },
                    "deposed": [],
                    "provider": ""
                },
                "aws_eip.pub_b1": {
                    "type": "aws_eip",
                    "depends_on": [
                        "aws_instance.host-b"
                    ],
                    "primary": {
                        "id": "eipalloc-f7aca190",
                        "attributes": {
                            "association_id": "eipassoc-9fda4be5",
                            "domain": "vpc",
                            "id": "eipalloc-f7aca190",
                            "instance": "i-0c5e2f191fbbc4b5a",
                            "network_interface": "eni-e1b28791",
                            "private_ip": "172.16.10.142",
                            "public_ip": "52.36.46.121",
                            "vpc": "true"
                        },
                        "meta": {},
                        "tainted": false
                    },
                    "deposed": [],
                    "provider": ""
                },
                "aws_instance.host-a": {
                    "type": "aws_instance",
                    "depends_on": [],
                    "primary": {
                        "id": "i-0041e08e59e0efcc5",
                        "attributes": {
                            "ami": "ami-8a72cdea",
                            "associate_public_ip_address": "false",
                            "availability_zone": "us-west-2a",
                            "disable_api_termination": "false",
                            "ebs_block_device.#": "0",
                            "ebs_optimized": "false",
                            "ephemeral_block_device.#": "0",
                            "iam_instance_profile": "",
                            "id": "i-0041e08e59e0efcc5",
                            "instance_state": "running",
                            "instance_type": "t1.micro",
                            "key_name": "",
                            "monitoring": "false",
                            "network_interface_id": "eni-9053d3d2",
                            "private_dns": "ip-172-31-74-53.us-west-2.compute.internal",
                            "private_ip": "172.31.74.53",
                            "public_dns": "",
                            "public_ip": "",
                            "root_block_device.#": "1",
                            "root_block_device.0.delete_on_termination": "true",
                            "root_block_device.0.iops": "0",
                            "root_block_device.0.volume_size": "8",
                            "root_block_device.0.volume_type": "standard",
                            "security_groups.#": "0",
                            "source_dest_check": "true",
                            "subnet_id": "subnet-92f3ade4",
                            "tags.%": "0",
                            "tenancy": "default",
                            "vpc_security_group_ids.#": "2",
                            "vpc_security_group_ids.337031090": "sg-48318f31",
                            "vpc_security_group_ids.3799350703": "sg-ec7be595"
                        },
                        "meta": {
                            "schema_version": "1"
                        },
                        "tainted": false
                    },
                    "deposed": [],
                    "provider": ""
                },
                "aws_instance.host-b": {
                    "type": "aws_instance",
                    "depends_on": [],
                    "primary": {
                        "id": "i-0c5e2f191fbbc4b5a",
                        "attributes": {
                            "ami": "ami-8a72cdea",
                            "associate_public_ip_address": "false",
                            "availability_zone": "us-west-2b",
                            "disable_api_termination": "false",
                            "ebs_block_device.#": "0",
                            "ebs_optimized": "false",
                            "ephemeral_block_device.#": "0",
                            "iam_instance_profile": "",
                            "id": "i-0c5e2f191fbbc4b5a",
                            "instance_state": "running",
                            "instance_type": "t1.micro",
                            "key_name": "",
                            "monitoring": "false",
                            "network_interface_id": "eni-e1b28791",
                            "private_dns": "ip-172-16-10-142.us-west-2.compute.internal",
                            "private_ip": "172.16.10.142",
                            "public_dns": "",
                            "public_ip": "",
                            "root_block_device.#": "1",
                            "root_block_device.0.delete_on_termination": "true",
                            "root_block_device.0.iops": "0",
                            "root_block_device.0.volume_size": "8",
                            "root_block_device.0.volume_type": "standard",
                            "security_groups.#": "0",
                            "source_dest_check": "true",
                            "subnet_id": "subnet-8de5e3e9",
                            "tags.%": "0",
                            "tenancy": "default",
                            "vpc_security_group_ids.#": "1",
                            "vpc_security_group_ids.3047039711": "sg-1d318f64"
                        },
                        "meta": {
                            "schema_version": "1"
                        },
                        "tainted": false
                    },
                    "deposed": [],
                    "provider": ""
                },
                "aws_network_interface.en1": {
                    "type": "aws_network_interface",
                    "depends_on": [
                        "aws_instance.host-a"
                    ],
                    "primary": {
                        "id": "eni-b05bdbf2",
                        "attributes": {
                            "attachment.#": "1",
                            "attachment.3836531743.attachment_id": "eni-attach-ccdf49aa",
                            "attachment.3836531743.device_index": "1",
                            "attachment.3836531743.instance": "i-0041e08e59e0efcc5",
                            "description": "",
                            "id": "eni-b05bdbf2",
                            "private_ips.#": "1",
                            "private_ips.830371610": "172.31.70.225",
                            "security_groups.#": "1",
                            "security_groups.2665812538": "sg-a97be5d0",
                            "source_dest_check": "true",
                            "subnet_id": "subnet-92f3ade4",
                            "tags.%": "0"
                        },
                        "meta": {},
                        "tainted": false
                    },
                    "deposed": [],
                    "provider": ""
                }
            },
            "depends_on": []
        }
    ]
}
